// !$*UTF8*$!
{
	archiveVersion = 1;
	classes = {
	};
	objectVersion = 63;
	objects = {

/* Begin PBXBuildFile section */
		028C5126F17ACD117CB16F3F /* StreakDetailView.swift in Sources */ = {isa = PBXBuildFile; fileRef = A11A0DC07485529D35C279C8 /* StreakDetailView.swift */; };
		07E714B6045316F0773F968A /* appstore.png in Resources */ = {isa = PBXBuildFile; fileRef = 4B6B243C3AC82DA41B8806CF /* appstore.png */; };
		0F7F6676E9B9F74E2699A9FE /* CreateHabitView.swift in Sources */ = {isa = PBXBuildFile; fileRef = 806A8A42DEA57F4ECECBF3B1 /* CreateHabitView.swift */; };
		14538AAF872ADA7EF8822A45 /* AppTheme.swift in Sources */ = {isa = PBXBuildFile; fileRef = 273728020E46FA9C72544BB0 /* AppTheme.swift */; };
		40003571821BAD08FD613E96 /* Assets.xcassets in Resources */ = {isa = PBXBuildFile; fileRef = 1EDDFCF7AB4BB07471A4E627 /* Assets.xcassets */; };
		4E37B98ED241557631EA4EA2 /* NotificationManager.swift in Sources */ = {isa = PBXBuildFile; fileRef = F144D637E235B21785603BE6 /* NotificationManager.swift */; };
		66C55CC3CDDFC3EC5DD049FB /* SixtysixStreaksApp.swift in Sources */ = {isa = PBXBuildFile; fileRef = D85D6A900BA57A7BD2D47621 /* SixtysixStreaksApp.swift */; };
		677A9BE82F49B80800C85C3E /* LanguageManager.swift in Sources */ = {isa = PBXBuildFile; fileRef = 677A9BE72F49B80800C85C3E /* LanguageManager.swift */; };
		6A4D16EFBD7FFC741E4C810F /* ContentView.swift in Sources */ = {isa = PBXBuildFile; fileRef = C14D7D88FDD89A3CA95929C7 /* ContentView.swift */; };
		86D0C19A5D4E35489CF7CC61 /* StreakGridView.swift in Sources */ = {isa = PBXBuildFile; fileRef = 3BF17D67ECE13CEDFB4929D3 /* StreakGridView.swift */; };
		94F57EECECD14FF6BB00D8C4 /* Localizable.xcstrings in Resources */ = {isa = PBXBuildFile; fileRef = C5EC7B7F1E28453397078FC6 /* Localizable.xcstrings */; };
		ACA14FBD529273BE2BFD0991 /* SettingsView.swift in Sources */ = {isa = PBXBuildFile; fileRef = 85D610BC055527A25FCC9935 /* SettingsView.swift */; };
		B721717699F1B8E2852C922D /* InAppWebView.swift in Sources */ = {isa = PBXBuildFile; fileRef = 18DB7D5BB2FE6E691E4BF0DC /* InAppWebView.swift */; };
		BA011ABE99254C6F5F0EBDC9 /* ReviewManager.swift in Sources */ = {isa = PBXBuildFile; fileRef = 098DC881B49F9F31103F7D9C /* ReviewManager.swift */; };
		BA70A914B5D42172444DFD6D /* HomeView.swift in Sources */ = {isa = PBXBuildFile; fileRef = BD515BEDE601A7F9D9692540 /* HomeView.swift */; };
		C0186C24BD9C33ACEC1FB2AF /* OnboardingView.swift in Sources */ = {isa = PBXBuildFile; fileRef = AF6A94B302F5CB3AFF6BDC4E /* OnboardingView.swift */; };
		D5AE397A5CAE233DDF11D015 /* Habit.swift in Sources */ = {isa = PBXBuildFile; fileRef = 401CEA19CCB0CDFEDF34F996 /* Habit.swift */; };
		E29BCA5E515B4A966EBFF60A /* 66 streaks logo.png in Resources */ = {isa = PBXBuildFile; fileRef = A108043EF27AAB6DE3849AD4 /* 66 streaks logo.png */; };
		FA4B6E6B526508F899C54D8C /* HabitCardView.swift in Sources */ = {isa = PBXBuildFile; fileRef = EA8CAC2FCD6580959B954F67 /* HabitCardView.swift */; };
/* End PBXBuildFile section */

/* Begin PBXFileReference section */
		098DC881B49F9F31103F7D9C /* ReviewManager.swift */ = {isa = PBXFileReference; lastKnownFileType = sourcecode.swift; path = ReviewManager.swift; sourceTree = "<group>"; };
		18DB7D5BB2FE6E691E4BF0DC /* InAppWebView.swift */ = {isa = PBXFileReference; lastKnownFileType = sourcecode.swift; path = InAppWebView.swift; sourceTree = "<group>"; };
		1EDDFCF7AB4BB07471A4E627 /* Assets.xcassets */ = {isa = PBXFileReference; lastKnownFileType = folder.assetcatalog; path = Assets.xcassets; sourceTree = "<group>"; };
		273728020E46FA9C72544BB0 /* AppTheme.swift */ = {isa = PBXFileReference; lastKnownFileType = sourcecode.swift; path = AppTheme.swift; sourceTree = "<group>"; };
		3BF17D67ECE13CEDFB4929D3 /* StreakGridView.swift */ = {isa = PBXFileReference; lastKnownFileType = sourcecode.swift; path = StreakGridView.swift; sourceTree = "<group>"; };
		401CEA19CCB0CDFEDF34F996 /* Habit.swift */ = {isa = PBXFileReference; lastKnownFileType = sourcecode.swift; path = Habit.swift; sourceTree = "<group>"; };
		4B6B243C3AC82DA41B8806CF /* appstore.png */ = {isa = PBXFileReference; lastKnownFileType = image.png; path = appstore.png; sourceTree = "<group>"; };
		657D569260A42E9B5C7B91B7 /* SixtysixStreaks.app */ = {isa = PBXFileReference; explicitFileType = wrapper.application; includeInIndex = 0; path = SixtysixStreaks.app; sourceTree = BUILT_PRODUCTS_DIR; };
		677A9BE72F49B80800C85C3E /* LanguageManager.swift */ = {isa = PBXFileReference; lastKnownFileType = sourcecode.swift; path = LanguageManager.swift; sourceTree = "<group>"; };
		806A8A42DEA57F4ECECBF3B1 /* CreateHabitView.swift */ = {isa = PBXFileReference; lastKnownFileType = sourcecode.swift; path = CreateHabitView.swift; sourceTree = "<group>"; };
		85D610BC055527A25FCC9935 /* SettingsView.swift */ = {isa = PBXFileReference; lastKnownFileType = sourcecode.swift; path = SettingsView.swift; sourceTree = "<group>"; };
		A108043EF27AAB6DE3849AD4 /* 66 streaks logo.png */ = {isa = PBXFileReference; lastKnownFileType = image.png; path = "66 streaks logo.png"; sourceTree = "<group>"; };
		A11A0DC07485529D35C279C8 /* StreakDetailView.swift */ = {isa = PBXFileReference; lastKnownFileType = sourcecode.swift; path = StreakDetailView.swift; sourceTree = "<group>"; };
		AF60D5FA6B455CF8CCBD12B9 /* SixtysixStreaks.entitlements */ = {isa = PBXFileReference; lastKnownFileType = text.plist.entitlements; path = SixtysixStreaks.entitlements; sourceTree = "<group>"; };
		AF6A94B302F5CB3AFF6BDC4E /* OnboardingView.swift */ = {isa = PBXFileReference; lastKnownFileType = sourcecode.swift; path = OnboardingView.swift; sourceTree = "<group>"; };
		BD515BEDE601A7F9D9692540 /* HomeView.swift */ = {isa = PBXFileReference; lastKnownFileType = sourcecode.swift; path = HomeView.swift; sourceTree = "<group>"; };
		C14D7D88FDD89A3CA95929C7 /* ContentView.swift */ = {isa = PBXFileReference; lastKnownFileType = sourcecode.swift; path = ContentView.swift; sourceTree = "<group>"; };
		C5EC7B7F1E28453397078FC6 /* Localizable.xcstrings */ = {isa = PBXFileReference; lastKnownFileType = text.json.xcstrings; path = Localizable.xcstrings; sourceTree = "<group>"; };
		D85D6A900BA57A7BD2D47621 /* SixtysixStreaksApp.swift */ = {isa = PBXFileReference; lastKnownFileType = sourcecode.swift; path = SixtysixStreaksApp.swift; sourceTree = "<group>"; };
		EA8CAC2FCD6580959B954F67 /* HabitCardView.swift */ = {isa = PBXFileReference; lastKnownFileType = sourcecode.swift; path = HabitCardView.swift; sourceTree = "<group>"; };
		F144D637E235B21785603BE6 /* NotificationManager.swift */ = {isa = PBXFileReference; lastKnownFileType = sourcecode.swift; path = NotificationManager.swift; sourceTree = "<group>"; };
/* End PBXFileReference section */

/* Begin PBXGroup section */
		2B530B6DA93EED0E0FCCDB82 /* Products */ = {
			isa = PBXGroup;
			children = (
				657D569260A42E9B5C7B91B7 /* SixtysixStreaks.app */,
			);
			name = Products;
			sourceTree = "<group>";
		};
		4475F67E3CDB997E1280719B /* Theme */ = {
			isa = PBXGroup;
			children = (
				273728020E46FA9C72544BB0 /* AppTheme.swift */,
			);
			path = Theme;
			sourceTree = "<group>";
		};
		5962FFDF5F08898982D4FF14 /* Models */ = {
			isa = PBXGroup;
			children = (
				401CEA19CCB0CDFEDF34F996 /* Habit.swift */,
			);
			path = Models;
			sourceTree = "<group>";
		};
		6CCDF8A34F081AB480D3A7B2 /* Views */ = {
			isa = PBXGroup;
			children = (
				806A8A42DEA57F4ECECBF3B1 /* CreateHabitView.swift */,
				EA8CAC2FCD6580959B954F67 /* HabitCardView.swift */,
				BD515BEDE601A7F9D9692540 /* HomeView.swift */,
				18DB7D5BB2FE6E691E4BF0DC /* InAppWebView.swift */,
				AF6A94B302F5CB3AFF6BDC4E /* OnboardingView.swift */,
				85D610BC055527A25FCC9935 /* SettingsView.swift */,
				A11A0DC07485529D35C279C8 /* StreakDetailView.swift */,
				3BF17D67ECE13CEDFB4929D3 /* StreakGridView.swift */,
			);
			path = Views;
			sourceTree = "<group>";
		};
		B263BECBE871836B6A85D5B7 /* SixtysixStreaks */ = {
			isa = PBXGroup;
			children = (
				A108043EF27AAB6DE3849AD4 /* 66 streaks logo.png */,
				4B6B243C3AC82DA41B8806CF /* appstore.png */,
				1EDDFCF7AB4BB07471A4E627 /* Assets.xcassets */,
				AF60D5FA6B455CF8CCBD12B9 /* SixtysixStreaks.entitlements */,
				C71D3EAC16A5B5AE7E8D1000 /* App */,
				C302F54BF0E5CC6E4CBE8EAE /* Managers */,
				5962FFDF5F08898982D4FF14 /* Models */,
				4475F67E3CDB997E1280719B /* Theme */,
				6CCDF8A34F081AB480D3A7B2 /* Views */,
				C5EC7B7F1E28453397078FC6 /* Localizable.xcstrings */,
			);
			path = SixtysixStreaks;
			sourceTree = "<group>";
		};
		B57FC16069B00FFBFE3E111F = {
			isa = PBXGroup;
			children = (
				B263BECBE871836B6A85D5B7 /* SixtysixStreaks */,
				2B530B6DA93EED0E0FCCDB82 /* Products */,
			);
			sourceTree = "<group>";
		};
		C302F54BF0E5CC6E4CBE8EAE /* Managers */ = {
			isa = PBXGroup;
			children = (
				677A9BE72F49B80800C85C3E /* LanguageManager.swift */,
				F144D637E235B21785603BE6 /* NotificationManager.swift */,
				098DC881B49F9F31103F7D9C /* ReviewManager.swift */,
			);
			path = Managers;
			sourceTree = "<group>";
		};
		C71D3EAC16A5B5AE7E8D1000 /* App */ = {
			isa = PBXGroup;
			children = (
				C14D7D88FDD89A3CA95929C7 /* ContentView.swift */,
				D85D6A900BA57A7BD2D47621 /* SixtysixStreaksApp.swift */,
			);
			path = App;
			sourceTree = "<group>";
		};
/* End PBXGroup section */

/* Begin PBXNativeTarget section */
		9DD36101E875337046B60BC5 /* SixtysixStreaks */ = {
			isa = PBXNativeTarget;
			buildConfigurationList = F261F635C673DC26FEDCE400 /* Build configuration list for PBXNativeTarget "SixtysixStreaks" */;
			buildPhases = (
				486B446DEC6BAF5F4287B8DD /* Sources */,
				E23BC23CE87A31ED272F8E62 /* Resources */,
			);
			buildRules = (
			);
			dependencies = (
			);
			name = SixtysixStreaks;
			packageProductDependencies = (
			);
			productName = SixtysixStreaks;
			productReference = 657D569260A42E9B5C7B91B7 /* SixtysixStreaks.app */;
			productType = "com.apple.product-type.application";
		};
/* End PBXNativeTarget section */

/* Begin PBXProject section */
		F60F14E98E24D4A01D93794B /* Project object */ = {
			isa = PBXProject;
			attributes = {
				BuildIndependentTargetsInParallel = YES;
				LastUpgradeCheck = 1500;
			};
			buildConfigurationList = 79F638FE1F31D4558D2CD86A /* Build configuration list for PBXProject "SixtysixStreaks" */;
			compatibilityVersion = "Xcode 14.0";
			developmentRegion = en;
			hasScannedForEncodings = 0;
			knownRegions = (
				Base,
				en,
			);
			mainGroup = B57FC16069B00FFBFE3E111F;
			minimizedProjectReferenceProxies = 1;
			projectDirPath = "";
			projectRoot = "";
			targets = (
				9DD36101E875337046B60BC5 /* SixtysixStreaks */,
			);
		};
/* End PBXProject section */

/* Begin PBXResourcesBuildPhase section */
		E23BC23CE87A31ED272F8E62 /* Resources */ = {
			isa = PBXResourcesBuildPhase;
			buildActionMask = 2147483647;
			files = (
				E29BCA5E515B4A966EBFF60A /* 66 streaks logo.png in Resources */,
				40003571821BAD08FD613E96 /* Assets.xcassets in Resources */,
				07E714B6045316F0773F968A /* appstore.png in Resources */,
				94F57EECECD14FF6BB00D8C4 /* Localizable.xcstrings in Resources */,
			);
			runOnlyForDeploymentPostprocessing = 0;
		};
/* End PBXResourcesBuildPhase section */

/* Begin PBXSourcesBuildPhase section */
		486B446DEC6BAF5F4287B8DD /* Sources */ = {
			isa = PBXSourcesBuildPhase;
			buildActionMask = 2147483647;
			files = (
				14538AAF872ADA7EF8822A45 /* AppTheme.swift in Sources */,
				6A4D16EFBD7FFC741E4C810F /* ContentView.swift in Sources */,
				0F7F6676E9B9F74E2699A9FE /* CreateHabitView.swift in Sources */,
				D5AE397A5CAE233DDF11D015 /* Habit.swift in Sources */,
				FA4B6E6B526508F899C54D8C /* HabitCardView.swift in Sources */,
				BA70A914B5D42172444DFD6D /* HomeView.swift in Sources */,
				B721717699F1B8E2852C922D /* InAppWebView.swift in Sources */,
				4E37B98ED241557631EA4EA2 /* NotificationManager.swift in Sources */,
				C0186C24BD9C33ACEC1FB2AF /* OnboardingView.swift in Sources */,
				BA011ABE99254C6F5F0EBDC9 /* ReviewManager.swift in Sources */,
				ACA14FBD529273BE2BFD0991 /* SettingsView.swift in Sources */,
				66C55CC3CDDFC3EC5DD049FB /* SixtysixStreaksApp.swift in Sources */,
				028C5126F17ACD117CB16F3F /* StreakDetailView.swift in Sources */,
				86D0C19A5D4E35489CF7CC61 /* StreakGridView.swift in Sources */,
				677A9BE82F49B80800C85C3E /* LanguageManager.swift in Sources */,
			);
			runOnlyForDeploymentPostprocessing = 0;
		};
/* End PBXSourcesBuildPhase section */

/* Begin XCBuildConfiguration section */
		1211C5B97C691C11527633A6 /* Debug */ = {
			isa = XCBuildConfiguration;
			buildSettings = {
				ALWAYS_SEARCH_USER_PATHS = NO;
				CLANG_ANALYZER_NONNULL = YES;
				CLANG_ANALYZER_NUMBER_OBJECT_CONVERSION = YES_AGGRESSIVE;
				CLANG_CXX_LANGUAGE_STANDARD = "gnu++14";
				CLANG_CXX_LIBRARY = "libc++";
				CLANG_ENABLE_MODULES = YES;
				CLANG_ENABLE_OBJC_ARC = YES;
				CLANG_ENABLE_OBJC_WEAK = YES;
				CLANG_WARN_BLOCK_CAPTURE_AUTORELEASING = YES;
				CLANG_WARN_BOOL_CONVERSION = YES;
				CLANG_WARN_COMMA = YES;
				CLANG_WARN_CONSTANT_CONVERSION = YES;
				CLANG_WARN_DEPRECATED_OBJC_IMPLEMENTATIONS = YES;
				CLANG_WARN_DIRECT_OBJC_ISA_USAGE = YES_ERROR;
				CLANG_WARN_DOCUMENTATION_COMMENTS = YES;
				CLANG_WARN_EMPTY_BODY = YES;
				CLANG_WARN_ENUM_CONVERSION = YES;
				CLANG_WARN_INFINITE_RECURSION = YES;
				CLANG_WARN_INT_CONVERSION = YES;
				CLANG_WARN_NON_LITERAL_NULL_CONVERSION = YES;
				CLANG_WARN_OBJC_IMPLICIT_RETAIN_SELF = YES;
				CLANG_WARN_OBJC_LITERAL_CONVERSION = YES;
				CLANG_WARN_OBJC_ROOT_CLASS = YES_ERROR;
				CLANG_WARN_QUOTED_INCLUDE_IN_FRAMEWORK_HEADER = YES;
				CLANG_WARN_RANGE_LOOP_ANALYSIS = YES;
				CLANG_WARN_STRICT_PROTOTYPES = YES;
				CLANG_WARN_SUSPICIOUS_MOVE = YES;
				CLANG_WARN_UNGUARDED_AVAILABILITY = YES_AGGRESSIVE;
				CLANG_WARN_UNREACHABLE_CODE = YES;
				CLANG_WARN__DUPLICATE_METHOD_MATCH = YES;
				COPY_PHASE_STRIP = NO;
				DEBUG_INFORMATION_FORMAT = dwarf;
				ENABLE_STRICT_OBJC_MSGSEND = YES;
				ENABLE_TESTABILITY = YES;
				GCC_C_LANGUAGE_STANDARD = gnu11;
				GCC_DYNAMIC_NO_PIC = NO;
				GCC_NO_COMMON_BLOCKS = YES;
				GCC_OPTIMIZATION_LEVEL = 0;
				GCC_PREPROCESSOR_DEFINITIONS = (
					"$(inherited)",
					"DEBUG=1",
				);
				GCC_WARN_64_TO_32_BIT_CONVERSION = YES;
				GCC_WARN_ABOUT_RETURN_TYPE = YES_ERROR;
				GCC_WARN_UNDECLARED_SELECTOR = YES;
				GCC_WARN_UNINITIALIZED_AUTOS = YES_AGGRESSIVE;
				GCC_WARN_UNUSED_FUNCTION = YES;
				GCC_WARN_UNUSED_VARIABLE = YES;
				INFOPLIST_KEY_CFBundleDisplayName = "66-Day Streak";
				IPHONEOS_DEPLOYMENT_TARGET = 17.0;
				MTL_ENABLE_DEBUG_INFO = INCLUDE_SOURCE;
				MTL_FAST_MATH = YES;
				ONLY_ACTIVE_ARCH = YES;
				PRODUCT_NAME = "$(TARGET_NAME)";
				SDKROOT = iphoneos;
				SWIFT_ACTIVE_COMPILATION_CONDITIONS = DEBUG;
				SWIFT_OPTIMIZATION_LEVEL = "-Onone";
				SWIFT_VERSION = 5.9;
				TARGETED_DEVICE_FAMILY = 1;
			};
			name = Debug;
		};
		2EE49EC37DE09A34B4DF940C /* Debug */ = {
			isa = XCBuildConfiguration;
			buildSettings = {
				ASSETCATALOG_COMPILER_APPICON_NAME = SixtysixStreaksIcon;
				ASSETCATALOG_COMPILER_GLOBAL_ACCENT_COLOR_NAME = AccentColor;
				CODE_SIGN_IDENTITY = "iPhone Developer";
				CURRENT_PROJECT_VERSION = 1;
				DEVELOPMENT_TEAM = 56YC665674;
				GENERATE_INFOPLIST_FILE = YES;
				INFOPLIST_KEY_CFBundleDisplayName = "66-Day Streak";
				INFOPLIST_KEY_ITSAppUsesNonExemptEncryption = NO;
				INFOPLIST_KEY_LSApplicationCategoryType = "public.app-category.healthcare-fitness";
				INFOPLIST_KEY_UIApplicationSceneManifest_Generation = YES;
				INFOPLIST_KEY_UIApplicationSupportsIndirectInputEvents = YES;
				INFOPLIST_KEY_UILaunchScreen_Generation = YES;
				INFOPLIST_KEY_UISupportedInterfaceOrientations = UIInterfaceOrientationPortrait;
				INFOPLIST_KEY_UISupportedInterfaceOrientations_iPad = "UIInterfaceOrientationPortrait UIInterfaceOrientationPortraitUpsideDown UIInterfaceOrientationLandscapeLeft UIInterfaceOrientationLandscapeRight";
				LD_RUNPATH_SEARCH_PATHS = (
					"$(inherited)",
					"@executable_path/Frameworks",
				);
				MARKETING_VERSION = 1.0.1;
				PRODUCT_BUNDLE_IDENTIFIER = com.buraksh.sixtysixstreaks;
				SDKROOT = iphoneos;
				SUPPORTED_PLATFORMS = "iphoneos iphonesimulator";
				SUPPORTS_MACCATALYST = NO;
				SUPPORTS_MAC_DESIGNED_FOR_IPHONE_IPAD = NO;
				SUPPORTS_XR_DESIGNED_FOR_IPHONE_IPAD = NO;
				TARGETED_DEVICE_FAMILY = 1;
			};
			name = Debug;
		};
		3382249C51280F164B6CF981 /* Release */ = {
			isa = XCBuildConfiguration;
			buildSettings = {
				ASSETCATALOG_COMPILER_APPICON_NAME = SixtysixStreaksIcon;
				ASSETCATALOG_COMPILER_GLOBAL_ACCENT_COLOR_NAME = AccentColor;
				CODE_SIGN_IDENTITY = "iPhone Developer";
				CURRENT_PROJECT_VERSION = 1;
				DEVELOPMENT_TEAM = 56YC665674;
				GENERATE_INFOPLIST_FILE = YES;
				INFOPLIST_KEY_CFBundleDisplayName = "66-Day Streak";
				INFOPLIST_KEY_ITSAppUsesNonExemptEncryption = NO;
				INFOPLIST_KEY_LSApplicationCategoryType = "public.app-category.healthcare-fitness";
				INFOPLIST_KEY_UIApplicationSceneManifest_Generation = YES;
				INFOPLIST_KEY_UIApplicationSupportsIndirectInputEvents = YES;
				INFOPLIST_KEY_UILaunchScreen_Generation = YES;
				INFOPLIST_KEY_UISupportedInterfaceOrientations = UIInterfaceOrientationPortrait;
				INFOPLIST_KEY_UISupportedInterfaceOrientations_iPad = "UIInterfaceOrientationPortrait UIInterfaceOrientationPortraitUpsideDown UIInterfaceOrientationLandscapeLeft UIInterfaceOrientationLandscapeRight";
				LD_RUNPATH_SEARCH_PATHS = (
					"$(inherited)",
					"@executable_path/Frameworks",
				);
				MARKETING_VERSION = 1.0.1;
				PRODUCT_BUNDLE_IDENTIFIER = com.buraksh.sixtysixstreaks;
				SDKROOT = iphoneos;
				SUPPORTED_PLATFORMS = "iphoneos iphonesimulator";
				SUPPORTS_MACCATALYST = NO;
				SUPPORTS_MAC_DESIGNED_FOR_IPHONE_IPAD = NO;
				SUPPORTS_XR_DESIGNED_FOR_IPHONE_IPAD = NO;
				TARGETED_DEVICE_FAMILY = 1;
			};
			name = Release;
		};
		D4C03BC6C675EE6C919D1C36 /* Release */ = {
			isa = XCBuildConfiguration;
			buildSettings = {
				ALWAYS_SEARCH_USER_PATHS = NO;
				CLANG_ANALYZER_NONNULL = YES;
				CLANG_ANALYZER_NUMBER_OBJECT_CONVERSION = YES_AGGRESSIVE;
				CLANG_CXX_LANGUAGE_STANDARD = "gnu++14";
				CLANG_CXX_LIBRARY = "libc++";
				CLANG_ENABLE_MODULES = YES;
				CLANG_ENABLE_OBJC_ARC = YES;
				CLANG_ENABLE_OBJC_WEAK = YES;
				CLANG_WARN_BLOCK_CAPTURE_AUTORELEASING = YES;
				CLANG_WARN_BOOL_CONVERSION = YES;
				CLANG_WARN_COMMA = YES;
				CLANG_WARN_CONSTANT_CONVERSION = YES;
				CLANG_WARN_DEPRECATED_OBJC_IMPLEMENTATIONS = YES;
				CLANG_WARN_DIRECT_OBJC_ISA_USAGE = YES_ERROR;
				CLANG_WARN_DOCUMENTATION_COMMENTS = YES;
				CLANG_WARN_EMPTY_BODY = YES;
				CLANG_WARN_ENUM_CONVERSION = YES;
				CLANG_WARN_INFINITE_RECURSION = YES;
				CLANG_WARN_INT_CONVERSION = YES;
				CLANG_WARN_NON_LITERAL_NULL_CONVERSION = YES;
				CLANG_WARN_OBJC_IMPLICIT_RETAIN_SELF = YES;
				CLANG_WARN_OBJC_LITERAL_CONVERSION = YES;
				CLANG_WARN_OBJC_ROOT_CLASS = YES_ERROR;
				CLANG_WARN_QUOTED_INCLUDE_IN_FRAMEWORK_HEADER = YES;
				CLANG_WARN_RANGE_LOOP_ANALYSIS = YES;
				CLANG_WARN_STRICT_PROTOTYPES = YES;
				CLANG_WARN_SUSPICIOUS_MOVE = YES;
				CLANG_WARN_UNGUARDED_AVAILABILITY = YES_AGGRESSIVE;
				CLANG_WARN_UNREACHABLE_CODE = YES;
				CLANG_WARN__DUPLICATE_METHOD_MATCH = YES;
				COPY_PHASE_STRIP = NO;
				DEBUG_INFORMATION_FORMAT = "dwarf-with-dsym";
				ENABLE_NS_ASSERTIONS = NO;
				ENABLE_STRICT_OBJC_MSGSEND = YES;
				GCC_C_LANGUAGE_STANDARD = gnu11;
				GCC_NO_COMMON_BLOCKS = YES;
				GCC_WARN_64_TO_32_BIT_CONVERSION = YES;
				GCC_WARN_ABOUT_RETURN_TYPE = YES_ERROR;
				GCC_WARN_UNDECLARED_SELECTOR = YES;
				GCC_WARN_UNINITIALIZED_AUTOS = YES_AGGRESSIVE;
				GCC_WARN_UNUSED_FUNCTION = YES;
				GCC_WARN_UNUSED_VARIABLE = YES;
				INFOPLIST_KEY_CFBundleDisplayName = "66-Day Streak";
				IPHONEOS_DEPLOYMENT_TARGET = 17.0;
				MTL_ENABLE_DEBUG_INFO = NO;
				MTL_FAST_MATH = YES;
				PRODUCT_NAME = "$(TARGET_NAME)";
				SDKROOT = iphoneos;
				SWIFT_COMPILATION_MODE = wholemodule;
				SWIFT_OPTIMIZATION_LEVEL = "-O";
				SWIFT_VERSION = 5.9;
				TARGETED_DEVICE_FAMILY = 1;
			};
			name = Release;
		};
/* End XCBuildConfiguration section */

/* Begin XCConfigurationList section */
		79F638FE1F31D4558D2CD86A /* Build configuration list for PBXProject "SixtysixStreaks" */ = {
			isa = XCConfigurationList;
			buildConfigurations = (
				1211C5B97C691C11527633A6 /* Debug */,
				D4C03BC6C675EE6C919D1C36 /* Release */,
			);
			defaultConfigurationIsVisible = 0;
			defaultConfigurationName = Debug;
		};
		F261F635C673DC26FEDCE400 /* Build configuration list for PBXNativeTarget "SixtysixStreaks" */ = {
			isa = XCConfigurationList;
			buildConfigurations = (
				2EE49EC37DE09A34B4DF940C /* Debug */,
				3382249C51280F164B6CF981 /* Release */,
			);
			defaultConfigurationIsVisible = 0;
			defaultConfigurationName = Debug;
		};
/* End XCConfigurationList section */
	};
	rootObject = F60F14E98E24D4A01D93794B /* Project object */;
}
